// !$*UTF8*$!
{
	archiveVersion = 1;
	classes = {
	};
	objectVersion = 77;
	objects = {

/* Begin PBXBuildFile section */
		C4405BE12DE4216300D0AE36 /* HomeFeature in Frameworks */ = {isa = PBXBuildFile; productRef = C4405BE02DE4216300D0AE36 /* HomeFeature */; };
		C469CDB82D94E06100DC583D /* MemoryTagsPickerFeature in Frameworks */ = {isa = PBXBuildFile; productRef = C469CDB72D94E06100DC583D /* MemoryTagsPickerFeature */; };
		C46EF3EE2D8E6F0300C23CA1 /* MemoryItemPickerFeature in Frameworks */ = {isa = PBXBuildFile; productRef = C46EF3ED2D8E6F0300C23CA1 /* MemoryItemPickerFeature */; };
		C4BE26DA2D98BE4200FED647 /* MemoryListFeature in Frameworks */ = {isa = PBXBuildFile; productRef = C4BE26D92D98BE4200FED647 /* MemoryListFeature */; };
		C4BE26DC2D9B545300FED647 /* CameraView in Frameworks */ = {isa = PBXBuildFile; productRef = C4BE26DB2D9B545300FED647 /* CameraView */; };
		C4BE26E02DA166F500FED647 /* RememberCameraFeature in Frameworks */ = {isa = PBXBuildFile; productRef = C4BE26DF2DA166F500FED647 /* RememberCameraFeature */; };
		C4E042B92D90F5EA00674CBE /* MemoryFormFeature in Frameworks */ = {isa = PBXBuildFile; productRef = C4E042B82D90F5EA00674CBE /* MemoryFormFeature */; };
/* End PBXBuildFile section */

/* Begin PBXContainerItemProxy section */
		C4F71C082D84F11600F4CFC2 /* PBXContainerItemProxy */ = {
			isa = PBXContainerItemProxy;
			containerPortal = C4F71BEB2D84F11400F4CFC2 /* Project object */;
			proxyType = 1;
			remoteGlobalIDString = C4F71BF22D84F11400F4CFC2;
			remoteInfo = Remember;
		};
		C4F71C122D84F11600F4CFC2 /* PBXContainerItemProxy */ = {
			isa = PBXContainerItemProxy;
			containerPortal = C4F71BEB2D84F11400F4CFC2 /* Project object */;
			proxyType = 1;
			remoteGlobalIDString = C4F71BF22D84F11400F4CFC2;
			remoteInfo = Remember;
		};
/* End PBXContainerItemProxy section */

/* Begin PBXFileReference section */
		C44E34172D870D45008EC3BF /* RememberCore */ = {isa = PBXFileReference; lastKnownFileType = wrapper; path = RememberCore; sourceTree = "<group>"; };
		C4F71BF32D84F11400F4CFC2 /* Remember.app */ = {isa = PBXFileReference; explicitFileType = wrapper.application; includeInIndex = 0; path = Remember.app; sourceTree = BUILT_PRODUCTS_DIR; };
		C4F71C072D84F11600F4CFC2 /* RememberTests.xctest */ = {isa = PBXFileReference; explicitFileType = wrapper.cfbundle; includeInIndex = 0; path = RememberTests.xctest; sourceTree = BUILT_PRODUCTS_DIR; };
		C4F71C112D84F11600F4CFC2 /* RememberUITests.xctest */ = {isa = PBXFileReference; explicitFileType = wrapper.cfbundle; includeInIndex = 0; path = RememberUITests.xctest; sourceTree = BUILT_PRODUCTS_DIR; };
/* End PBXFileReference section */

/* Begin PBXFileSystemSynchronizedBuildFileExceptionSet section */
		C4F71C192D84F11600F4CFC2 /* Exceptions for "Remember" folder in "Remember" target */ = {
			isa = PBXFileSystemSynchronizedBuildFileExceptionSet;
			membershipExceptions = (
				Resources/Info.plist,
			);
			target = C4F71BF22D84F11400F4CFC2 /* Remember */;
		};
/* End PBXFileSystemSynchronizedBuildFileExceptionSet section */

/* Begin PBXFileSystemSynchronizedRootGroup section */
		C4F71BF52D84F11400F4CFC2 /* Remember */ = {
			isa = PBXFileSystemSynchronizedRootGroup;
			exceptions = (
				C4F71C192D84F11600F4CFC2 /* Exceptions for "Remember" folder in "Remember" target */,
			);
			path = Remember;
			sourceTree = "<group>";
		};
		C4F71C0A2D84F11600F4CFC2 /* RememberTests */ = {
			isa = PBXFileSystemSynchronizedRootGroup;
			path = RememberTests;
			sourceTree = "<group>";
		};
		C4F71C142D84F11600F4CFC2 /* RememberUITests */ = {
			isa = PBXFileSystemSynchronizedRootGroup;
			path = RememberUITests;
			sourceTree = "<group>";
		};
/* End PBXFileSystemSynchronizedRootGroup section */

/* Begin PBXFrameworksBuildPhase section */
		C4F71BF02D84F11400F4CFC2 /* Frameworks */ = {
			isa = PBXFrameworksBuildPhase;
			buildActionMask = 2147483647;
			files = (
				C4BE26DA2D98BE4200FED647 /* MemoryListFeature in Frameworks */,
				C4405BE12DE4216300D0AE36 /* HomeFeature in Frameworks */,
				C4BE26E02DA166F500FED647 /* RememberCameraFeature in Frameworks */,
				C469CDB82D94E06100DC583D /* MemoryTagsPickerFeature in Frameworks */,
				C4BE26DC2D9B545300FED647 /* CameraView in Frameworks */,
				C4E042B92D90F5EA00674CBE /* MemoryFormFeature in Frameworks */,
				C46EF3EE2D8E6F0300C23CA1 /* MemoryItemPickerFeature in Frameworks */,
			);
			runOnlyForDeploymentPostprocessing = 0;
		};
		C4F71C042D84F11600F4CFC2 /* Frameworks */ = {
			isa = PBXFrameworksBuildPhase;
			buildActionMask = 2147483647;
			files = (
			);
			runOnlyForDeploymentPostprocessing = 0;
		};
		C4F71C0E2D84F11600F4CFC2 /* Frameworks */ = {
			isa = PBXFrameworksBuildPhase;
			buildActionMask = 2147483647;
			files = (
			);
			runOnlyForDeploymentPostprocessing = 0;
		};
/* End PBXFrameworksBuildPhase section */

/* Begin PBXGroup section */
		C44E34432D87337E008EC3BF /* Frameworks */ = {
			isa = PBXGroup;
			children = (
			);
			name = Frameworks;
			sourceTree = "<group>";
		};
		C4F71BEA2D84F11400F4CFC2 = {
			isa = PBXGroup;
			children = (
				C4F71BF52D84F11400F4CFC2 /* Remember */,
				C44E34172D870D45008EC3BF /* RememberCore */,
				C4F71C0A2D84F11600F4CFC2 /* RememberTests */,
				C4F71C142D84F11600F4CFC2 /* RememberUITests */,
				C44E34432D87337E008EC3BF /* Frameworks */,
				C4F71BF42D84F11400F4CFC2 /* Products */,
			);
			sourceTree = "<group>";
		};
		C4F71BF42D84F11400F4CFC2 /* Products */ = {
			isa = PBXGroup;
			children = (
				C4F71BF32D84F11400F4CFC2 /* Remember.app */,
				C4F71C072D84F11600F4CFC2 /* RememberTests.xctest */,
				C4F71C112D84F11600F4CFC2 /* RememberUITests.xctest */,
			);
			name = Products;
			sourceTree = "<group>";
		};
/* End PBXGroup section */

/* Begin PBXNativeTarget section */
		C4F71BF22D84F11400F4CFC2 /* Remember */ = {
			isa = PBXNativeTarget;
			buildConfigurationList = C4F71C1A2D84F11600F4CFC2 /* Build configuration list for PBXNativeTarget "Remember" */;
			buildPhases = (
				C4F71BEF2D84F11400F4CFC2 /* Sources */,
				C4F71BF02D84F11400F4CFC2 /* Frameworks */,
				C4F71BF12D84F11400F4CFC2 /* Resources */,
			);
			buildRules = (
			);
			dependencies = (
			);
			fileSystemSynchronizedGroups = (
				C4F71BF52D84F11400F4CFC2 /* Remember */,
			);
			name = Remember;
			packageProductDependencies = (
				C46EF3ED2D8E6F0300C23CA1 /* MemoryItemPickerFeature */,
				C4E042B82D90F5EA00674CBE /* MemoryFormFeature */,
				C469CDB72D94E06100DC583D /* MemoryTagsPickerFeature */,
				C4BE26D92D98BE4200FED647 /* MemoryListFeature */,
				C4BE26DB2D9B545300FED647 /* CameraView */,
				C4BE26DF2DA166F500FED647 /* RememberCameraFeature */,
				C4405BE02DE4216300D0AE36 /* HomeFeature */,
			);
			productName = Remember;
			productReference = C4F71BF32D84F11400F4CFC2 /* Remember.app */;
			productType = "com.apple.product-type.application";
		};
		C4F71C062D84F11600F4CFC2 /* RememberTests */ = {
			isa = PBXNativeTarget;
			buildConfigurationList = C4F71C1F2D84F11600F4CFC2 /* Build configuration list for PBXNativeTarget "RememberTests" */;
			buildPhases = (
				C4F71C032D84F11600F4CFC2 /* Sources */,
				C4F71C042D84F11600F4CFC2 /* Frameworks */,
				C4F71C052D84F11600F4CFC2 /* Resources */,
			);
			buildRules = (
			);
			dependencies = (
				C4F71C092D84F11600F4CFC2 /* PBXTargetDependency */,
			);
			fileSystemSynchronizedGroups = (
				C4F71C0A2D84F11600F4CFC2 /* RememberTests */,
			);
			name = RememberTests;
			packageProductDependencies = (
			);
			productName = RememberTests;
			productReference = C4F71C072D84F11600F4CFC2 /* RememberTests.xctest */;
			productType = "com.apple.product-type.bundle.unit-test";
		};
		C4F71C102D84F11600F4CFC2 /* RememberUITests */ = {
			isa = PBXNativeTarget;
			buildConfigurationList = C4F71C222D84F11600F4CFC2 /* Build configuration list for PBXNativeTarget "RememberUITests" */;
			buildPhases = (
				C4F71C0D2D84F11600F4CFC2 /* Sources */,
				C4F71C0E2D84F11600F4CFC2 /* Frameworks */,
				C4F71C0F2D84F11600F4CFC2 /* Resources */,
			);
			buildRules = (
			);
			dependencies = (
				C4F71C132D84F11600F4CFC2 /* PBXTargetDependency */,
			);
			fileSystemSynchronizedGroups = (
				C4F71C142D84F11600F4CFC2 /* RememberUITests */,
			);
			name = RememberUITests;
			packageProductDependencies = (
			);
			productName = RememberUITests;
			productReference = C4F71C112D84F11600F4CFC2 /* RememberUITests.xctest */;
			productType = "com.apple.product-type.bundle.ui-testing";
		};
/* End PBXNativeTarget section */

/* Begin PBXProject section */
		C4F71BEB2D84F11400F4CFC2 /* Project object */ = {
			isa = PBXProject;
			attributes = {
				BuildIndependentTargetsInParallel = 1;
				LastSwiftUpdateCheck = 1620;
				LastUpgradeCheck = 1620;
				TargetAttributes = {
					C4F71BF22D84F11400F4CFC2 = {
						CreatedOnToolsVersion = 16.2;
					};
					C4F71C062D84F11600F4CFC2 = {
						CreatedOnToolsVersion = 16.2;
						TestTargetID = C4F71BF22D84F11400F4CFC2;
					};
					C4F71C102D84F11600F4CFC2 = {
						CreatedOnToolsVersion = 16.2;
						TestTargetID = C4F71BF22D84F11400F4CFC2;
					};
				};
			};
			buildConfigurationList = C4F71BEE2D84F11400F4CFC2 /* Build configuration list for PBXProject "Remember" */;
			developmentRegion = en;
			hasScannedForEncodings = 0;
			knownRegions = (
				en,
				Base,
			);
			mainGroup = C4F71BEA2D84F11400F4CFC2;
			minimizedProjectReferenceProxies = 1;
			packageReferences = (
			);
			preferredProjectObjectVersion = 77;
			productRefGroup = C4F71BF42D84F11400F4CFC2 /* Products */;
			projectDirPath = "";
			projectRoot = "";
			targets = (
				C4F71BF22D84F11400F4CFC2 /* Remember */,
				C4F71C062D84F11600F4CFC2 /* RememberTests */,
				C4F71C102D84F11600F4CFC2 /* RememberUITests */,
			);
		};
/* End PBXProject section */

/* Begin PBXResourcesBuildPhase section */
		C4F71BF12D84F11400F4CFC2 /* Resources */ = {
			isa = PBXResourcesBuildPhase;
			buildActionMask = 2147483647;
			files = (
			);
			runOnlyForDeploymentPostprocessing = 0;
		};
		C4F71C052D84F11600F4CFC2 /* Resources */ = {
			isa = PBXResourcesBuildPhase;
			buildActionMask = 2147483647;
			files = (
			);
			runOnlyForDeploymentPostprocessing = 0;
		};
		C4F71C0F2D84F11600F4CFC2 /* Resources */ = {
			isa = PBXResourcesBuildPhase;
			buildActionMask = 2147483647;
			files = (
			);
			runOnlyForDeploymentPostprocessing = 0;
		};
/* End PBXResourcesBuildPhase section */

/* Begin PBXSourcesBuildPhase section */
		C4F71BEF2D84F11400F4CFC2 /* Sources */ = {
			isa = PBXSourcesBuildPhase;
			buildActionMask = 2147483647;
			files = (
			);
			runOnlyForDeploymentPostprocessing = 0;
		};
		C4F71C032D84F11600F4CFC2 /* Sources */ = {
			isa = PBXSourcesBuildPhase;
			buildActionMask = 2147483647;
			files = (
			);
			runOnlyForDeploymentPostprocessing = 0;
		};
		C4F71C0D2D84F11600F4CFC2 /* Sources */ = {
			isa = PBXSourcesBuildPhase;
			buildActionMask = 2147483647;
			files = (
			);
			runOnlyForDeploymentPostprocessing = 0;
		};
/* End PBXSourcesBuildPhase section */

/* Begin PBXTargetDependency section */
		C4F71C092D84F11600F4CFC2 /* PBXTargetDependency */ = {
			isa = PBXTargetDependency;
			target = C4F71BF22D84F11400F4CFC2 /* Remember */;
			targetProxy = C4F71C082D84F11600F4CFC2 /* PBXContainerItemProxy */;
		};
		C4F71C132D84F11600F4CFC2 /* PBXTargetDependency */ = {
			isa = PBXTargetDependency;
			target = C4F71BF22D84F11400F4CFC2 /* Remember */;
			targetProxy = C4F71C122D84F11600F4CFC2 /* PBXContainerItemProxy */;
		};
/* End PBXTargetDependency section */

/* Begin XCBuildConfiguration section */
		C4F71C1B2D84F11600F4CFC2 /* Debug */ = {
			isa = XCBuildConfiguration;
			buildSettings = {
				ASSETCATALOG_COMPILER_APPICON_NAME = AppIcon;
				ASSETCATALOG_COMPILER_GLOBAL_ACCENT_COLOR_NAME = AccentColor;
				CODE_SIGN_ENTITLEMENTS = Remember/Resources/Remember.entitlements;
				CODE_SIGN_STYLE = Automatic;
				CURRENT_PROJECT_VERSION = 1;
				DEVELOPMENT_ASSET_PATHS = "\"Remember/Resources/Preview Content\"";
				DEVELOPMENT_TEAM = WX7NZ48SDJ;
				ENABLE_PREVIEWS = YES;
				GENERATE_INFOPLIST_FILE = YES;
				INFOPLIST_FILE = Remember/Resources/Info.plist;
				INFOPLIST_KEY_CFBundleDisplayName = Remember;
				INFOPLIST_KEY_ITSAppUsesNonExemptEncryption = NO;
				INFOPLIST_KEY_LSApplicationCategoryType = "public.app-category.utilities";
				INFOPLIST_KEY_NSCameraUsageDescription = "Allow Remember to access your camera to take photos and help you track your items.";
				INFOPLIST_KEY_UIApplicationSceneManifest_Generation = YES;
				INFOPLIST_KEY_UIApplicationSupportsIndirectInputEvents = YES;
				INFOPLIST_KEY_UILaunchScreen_Generation = YES;
				INFOPLIST_KEY_UISupportedInterfaceOrientations = UIInterfaceOrientationPortrait;
				INFOPLIST_KEY_UISupportedInterfaceOrientations_iPad = "UIInterfaceOrientationLandscapeLeft UIInterfaceOrientationLandscapeRight UIInterfaceOrientationPortrait UIInterfaceOrientationPortraitUpsideDown";
				IPHONEOS_DEPLOYMENT_TARGET = 18.0;
				LD_RUNPATH_SEARCH_PATHS = (
					"$(inherited)",
					"@executable_path/Frameworks",
				);
				MARKETING_VERSION = 1.0.1;
				PRODUCT_BUNDLE_IDENTIFIER = app.rogy.Remember;
				PRODUCT_NAME = "$(TARGET_NAME)";
				SUPPORTED_PLATFORMS = "iphoneos iphonesimulator";
				SUPPORTS_MACCATALYST = NO;
				SUPPORTS_MAC_DESIGNED_FOR_IPHONE_IPAD = NO;
				SUPPORTS_XR_DESIGNED_FOR_IPHONE_IPAD = NO;
				SWIFT_EMIT_LOC_STRINGS = YES;
				SWIFT_VERSION = 5.0;
				TARGETED_DEVICE_FAMILY = 1;
			};
			name = Debug;
		};
		C4F71C1C2D84F11600F4CFC2 /* Release */ = {
			isa = XCBuildConfiguration;
			buildSettings = {
				ASSETCATALOG_COMPILER_APPICON_NAME = AppIcon;
				ASSETCATALOG_COMPILER_GLOBAL_ACCENT_COLOR_NAME = AccentColor;
				CODE_SIGN_ENTITLEMENTS = Remember/Resources/Remember.entitlements;
				CODE_SIGN_STYLE = Automatic;
				CURRENT_PROJECT_VERSION = 1;
				DEVELOPMENT_ASSET_PATHS = "\"Remember/Resources/Preview Content\"";
				DEVELOPMENT_TEAM = WX7NZ48SDJ;
				ENABLE_PREVIEWS = YES;
				GENERATE_INFOPLIST_FILE = YES;
				INFOPLIST_FILE = Remember/Resources/Info.plist;
				INFOPLIST_KEY_CFBundleDisplayName = Remember;
				INFOPLIST_KEY_ITSAppUsesNonExemptEncryption = NO;
				INFOPLIST_KEY_LSApplicationCategoryType = "public.app-category.utilities";
				INFOPLIST_KEY_NSCameraUsageDescription = "Allow Remember to access your camera to take photos and help you track your items.";
				INFOPLIST_KEY_UIApplicationSceneManifest_Generation = YES;
				INFOPLIST_KEY_UIApplicationSupportsIndirectInputEvents = YES;
				INFOPLIST_KEY_UILaunchScreen_Generation = YES;
				INFOPLIST_KEY_UISupportedInterfaceOrientations = UIInterfaceOrientationPortrait;
				INFOPLIST_KEY_UISupportedInterfaceOrientations_iPad = "UIInterfaceOrientationLandscapeLeft UIInterfaceOrientationLandscapeRight UIInterfaceOrientationPortrait UIInterfaceOrientationPortraitUpsideDown";
				IPHONEOS_DEPLOYMENT_TARGET = 18.0;
				LD_RUNPATH_SEARCH_PATHS = (
					"$(inherited)",
					"@executable_path/Frameworks",
				);
				MARKETING_VERSION = 1.0.1;
				PRODUCT_BUNDLE_IDENTIFIER = app.rogy.Remember;
				PRODUCT_NAME = "$(TARGET_NAME)";
				SUPPORTED_PLATFORMS = "iphoneos iphonesimulator";
				SUPPORTS_MACCATALYST = NO;
				SUPPORTS_MAC_DESIGNED_FOR_IPHONE_IPAD = NO;
				SUPPORTS_XR_DESIGNED_FOR_IPHONE_IPAD = NO;
				SWIFT_EMIT_LOC_STRINGS = YES;
				SWIFT_VERSION = 5.0;
				TARGETED_DEVICE_FAMILY = 1;
			};
			name = Release;
		};
		C4F71C1D2D84F11600F4CFC2 /* Debug */ = {
			isa = XCBuildConfiguration;
			buildSettings = {
				ALWAYS_SEARCH_USER_PATHS = NO;
				ASSETCATALOG_COMPILER_GENERATE_SWIFT_ASSET_SYMBOL_EXTENSIONS = YES;
				CLANG_ANALYZER_NONNULL = YES;
				CLANG_ANALYZER_NUMBER_OBJECT_CONVERSION = YES_AGGRESSIVE;
				CLANG_CXX_LANGUAGE_STANDARD = "gnu++20";
				CLANG_ENABLE_MODULES = YES;
				CLANG_ENABLE_OBJC_ARC = YES;
				CLANG_ENABLE_OBJC_WEAK = YES;
				CLANG_WARN_BLOCK_CAPTURE_AUTORELEASING = YES;
				CLANG_WARN_BOOL_CONVERSION = YES;
				CLANG_WARN_COMMA = YES;
				CLANG_WARN_CONSTANT_CONVERSION = YES;
				CLANG_WARN_DEPRECATED_OBJC_IMPLEMENTATIONS = YES;
				CLANG_WARN_DIRECT_OBJC_ISA_USAGE = YES_ERROR;
				CLANG_WARN_DOCUMENTATION_COMMENTS = YES;
				CLANG_WARN_EMPTY_BODY = YES;
				CLANG_WARN_ENUM_CONVERSION = YES;
				CLANG_WARN_INFINITE_RECURSION = YES;
				CLANG_WARN_INT_CONVERSION = YES;
				CLANG_WARN_NON_LITERAL_NULL_CONVERSION = YES;
				CLANG_WARN_OBJC_IMPLICIT_RETAIN_SELF = YES;
				CLANG_WARN_OBJC_LITERAL_CONVERSION = YES;
				CLANG_WARN_OBJC_ROOT_CLASS = YES_ERROR;
				CLANG_WARN_QUOTED_INCLUDE_IN_FRAMEWORK_HEADER = YES;
				CLANG_WARN_RANGE_LOOP_ANALYSIS = YES;
				CLANG_WARN_STRICT_PROTOTYPES = YES;
				CLANG_WARN_SUSPICIOUS_MOVE = YES;
				CLANG_WARN_UNGUARDED_AVAILABILITY = YES_AGGRESSIVE;
				CLANG_WARN_UNREACHABLE_CODE = YES;
				CLANG_WARN__DUPLICATE_METHOD_MATCH = YES;
				COPY_PHASE_STRIP = NO;
				DEBUG_INFORMATION_FORMAT = dwarf;
				ENABLE_STRICT_OBJC_MSGSEND = YES;
				ENABLE_TESTABILITY = YES;
				ENABLE_USER_SCRIPT_SANDBOXING = YES;
				GCC_C_LANGUAGE_STANDARD = gnu17;
				GCC_DYNAMIC_NO_PIC = NO;
				GCC_NO_COMMON_BLOCKS = YES;
				GCC_OPTIMIZATION_LEVEL = 0;
				GCC_PREPROCESSOR_DEFINITIONS = (
					"DEBUG=1",
					"$(inherited)",
				);
				GCC_WARN_64_TO_32_BIT_CONVERSION = YES;
				GCC_WARN_ABOUT_RETURN_TYPE = YES_ERROR;
				GCC_WARN_UNDECLARED_SELECTOR = YES;
				GCC_WARN_UNINITIALIZED_AUTOS = YES_AGGRESSIVE;
				GCC_WARN_UNUSED_FUNCTION = YES;
				GCC_WARN_UNUSED_VARIABLE = YES;
				IPHONEOS_DEPLOYMENT_TARGET = 18.2;
				LOCALIZATION_PREFERS_STRING_CATALOGS = YES;
				MTL_ENABLE_DEBUG_INFO = INCLUDE_SOURCE;
				MTL_FAST_MATH = YES;
				ONLY_ACTIVE_ARCH = YES;
				SDKROOT = iphoneos;
				SWIFT_ACTIVE_COMPILATION_CONDITIONS = "DEBUG $(inherited)";
				SWIFT_EMIT_LOC_STRINGS = YES;
				SWIFT_OPTIMIZATION_LEVEL = "-Onone";
			};
			name = Debug;
		};
		C4F71C1E2D84F11600F4CFC2 /* Release */ = {
			isa = XCBuildConfiguration;
			buildSettings = {
				ALWAYS_SEARCH_USER_PATHS = NO;
				ASSETCATALOG_COMPILER_GENERATE_SWIFT_ASSET_SYMBOL_EXTENSIONS = YES;
				CLANG_ANALYZER_NONNULL = YES;
				CLANG_ANALYZER_NUMBER_OBJECT_CONVERSION = YES_AGGRESSIVE;
				CLANG_CXX_LANGUAGE_STANDARD = "gnu++20";
				CLANG_ENABLE_MODULES = YES;
				CLANG_ENABLE_OBJC_ARC = YES;
				CLANG_ENABLE_OBJC_WEAK = YES;
				CLANG_WARN_BLOCK_CAPTURE_AUTORELEASING = YES;
				CLANG_WARN_BOOL_CONVERSION = YES;
				CLANG_WARN_COMMA = YES;
				CLANG_WARN_CONSTANT_CONVERSION = YES;
				CLANG_WARN_DEPRECATED_OBJC_IMPLEMENTATIONS = YES;
				CLANG_WARN_DIRECT_OBJC_ISA_USAGE = YES_ERROR;
				CLANG_WARN_DOCUMENTATION_COMMENTS = YES;
				CLANG_WARN_EMPTY_BODY = YES;
				CLANG_WARN_ENUM_CONVERSION = YES;
				CLANG_WARN_INFINITE_RECURSION = YES;
				CLANG_WARN_INT_CONVERSION = YES;
				CLANG_WARN_NON_LITERAL_NULL_CONVERSION = YES;
				CLANG_WARN_OBJC_IMPLICIT_RETAIN_SELF = YES;
				CLANG_WARN_OBJC_LITERAL_CONVERSION = YES;
				CLANG_WARN_OBJC_ROOT_CLASS = YES_ERROR;
				CLANG_WARN_QUOTED_INCLUDE_IN_FRAMEWORK_HEADER = YES;
				CLANG_WARN_RANGE_LOOP_ANALYSIS = YES;
				CLANG_WARN_STRICT_PROTOTYPES = YES;
				CLANG_WARN_SUSPICIOUS_MOVE = YES;
				CLANG_WARN_UNGUARDED_AVAILABILITY = YES_AGGRESSIVE;
				CLANG_WARN_UNREACHABLE_CODE = YES;
				CLANG_WARN__DUPLICATE_METHOD_MATCH = YES;
				COPY_PHASE_STRIP = NO;
				DEBUG_INFORMATION_FORMAT = "dwarf-with-dsym";
				ENABLE_NS_ASSERTIONS = NO;
				ENABLE_STRICT_OBJC_MSGSEND = YES;
				ENABLE_USER_SCRIPT_SANDBOXING = YES;
				GCC_C_LANGUAGE_STANDARD = gnu17;
				GCC_NO_COMMON_BLOCKS = YES;
				GCC_WARN_64_TO_32_BIT_CONVERSION = YES;
				GCC_WARN_ABOUT_RETURN_TYPE = YES_ERROR;
				GCC_WARN_UNDECLARED_SELECTOR = YES;
				GCC_WARN_UNINITIALIZED_AUTOS = YES_AGGRESSIVE;
				GCC_WARN_UNUSED_FUNCTION = YES;
				GCC_WARN_UNUSED_VARIABLE = YES;
				IPHONEOS_DEPLOYMENT_TARGET = 18.2;
				LOCALIZATION_PREFERS_STRING_CATALOGS = YES;
				MTL_ENABLE_DEBUG_INFO = NO;
				MTL_FAST_MATH = YES;
				SDKROOT = iphoneos;
				SWIFT_COMPILATION_MODE = wholemodule;
				SWIFT_EMIT_LOC_STRINGS = YES;
				VALIDATE_PRODUCT = YES;
			};
			name = Release;
		};
		C4F71C202D84F11600F4CFC2 /* Debug */ = {
			isa = XCBuildConfiguration;
			buildSettings = {
				BUNDLE_LOADER = "$(TEST_HOST)";
				CODE_SIGN_STYLE = Automatic;
				CURRENT_PROJECT_VERSION = 1;
				DEVELOPMENT_TEAM = WX7NZ48SDJ;
				GENERATE_INFOPLIST_FILE = YES;
				IPHONEOS_DEPLOYMENT_TARGET = 18.2;
				MARKETING_VERSION = 1.0;
				PRODUCT_BUNDLE_IDENTIFIER = app.rogy.RememberTests;
				PRODUCT_NAME = "$(TARGET_NAME)";
				SWIFT_EMIT_LOC_STRINGS = NO;
				SWIFT_VERSION = 5.0;
				TARGETED_DEVICE_FAMILY = "1,2";
				TEST_HOST = "$(BUILT_PRODUCTS_DIR)/Remember.app/$(BUNDLE_EXECUTABLE_FOLDER_PATH)/Remember";
			};
			name = Debug;
		};
		C4F71C212D84F11600F4CFC2 /* Release */ = {
			isa = XCBuildConfiguration;
			buildSettings = {
				BUNDLE_LOADER = "$(TEST_HOST)";
				CODE_SIGN_STYLE = Automatic;
				CURRENT_PROJECT_VERSION = 1;
				DEVELOPMENT_TEAM = WX7NZ48SDJ;
				GENERATE_INFOPLIST_FILE = YES;
				IPHONEOS_DEPLOYMENT_TARGET = 18.2;
				MARKETING_VERSION = 1.0;
				PRODUCT_BUNDLE_IDENTIFIER = app.rogy.RememberTests;
				PRODUCT_NAME = "$(TARGET_NAME)";
				SWIFT_EMIT_LOC_STRINGS = NO;
				SWIFT_VERSION = 5.0;
				TARGETED_DEVICE_FAMILY = "1,2";
				TEST_HOST = "$(BUILT_PRODUCTS_DIR)/Remember.app/$(BUNDLE_EXECUTABLE_FOLDER_PATH)/Remember";
			};
			name = Release;
		};
		C4F71C232D84F11600F4CFC2 /* Debug */ = {
			isa = XCBuildConfiguration;
			buildSettings = {
				CODE_SIGN_STYLE = Automatic;
				CURRENT_PROJECT_VERSION = 1;
				DEVELOPMENT_TEAM = WX7NZ48SDJ;
				GENERATE_INFOPLIST_FILE = YES;
				MARKETING_VERSION = 1.0;
				PRODUCT_BUNDLE_IDENTIFIER = app.rogy.RememberUITests;
				PRODUCT_NAME = "$(TARGET_NAME)";
				SWIFT_EMIT_LOC_STRINGS = NO;
				SWIFT_VERSION = 5.0;
				TARGETED_DEVICE_FAMILY = "1,2";
				TEST_TARGET_NAME = Remember;
			};
			name = Debug;
		};
		C4F71C242D84F11600F4CFC2 /* Release */ = {
			isa = XCBuildConfiguration;
			buildSettings = {
				CODE_SIGN_STYLE = Automatic;
				CURRENT_PROJECT_VERSION = 1;
				DEVELOPMENT_TEAM = WX7NZ48SDJ;
				GENERATE_INFOPLIST_FILE = YES;
				MARKETING_VERSION = 1.0;
				PRODUCT_BUNDLE_IDENTIFIER = app.rogy.RememberUITests;
				PRODUCT_NAME = "$(TARGET_NAME)";
				SWIFT_EMIT_LOC_STRINGS = NO;
				SWIFT_VERSION = 5.0;
				TARGETED_DEVICE_FAMILY = "1,2";
				TEST_TARGET_NAME = Remember;
			};
			name = Release;
		};
/* End XCBuildConfiguration section */

/* Begin XCConfigurationList section */
		C4F71BEE2D84F11400F4CFC2 /* Build configuration list for PBXProject "Remember" */ = {
			isa = XCConfigurationList;
			buildConfigurations = (
				C4F71C1D2D84F11600F4CFC2 /* Debug */,
				C4F71C1E2D84F11600F4CFC2 /* Release */,
			);
			defaultConfigurationIsVisible = 0;
			defaultConfigurationName = Release;
		};
		C4F71C1A2D84F11600F4CFC2 /* Build configuration list for PBXNativeTarget "Remember" */ = {
			isa = XCConfigurationList;
			buildConfigurations = (
				C4F71C1B2D84F11600F4CFC2 /* Debug */,
				C4F71C1C2D84F11600F4CFC2 /* Release */,
			);
			defaultConfigurationIsVisible = 0;
			defaultConfigurationName = Release;
		};
		C4F71C1F2D84F11600F4CFC2 /* Build configuration list for PBXNativeTarget "RememberTests" */ = {
			isa = XCConfigurationList;
			buildConfigurations = (
				C4F71C202D84F11600F4CFC2 /* Debug */,
				C4F71C212D84F11600F4CFC2 /* Release */,
			);
			defaultConfigurationIsVisible = 0;
			defaultConfigurationName = Release;
		};
		C4F71C222D84F11600F4CFC2 /* Build configuration list for PBXNativeTarget "RememberUITests" */ = {
			isa = XCConfigurationList;
			buildConfigurations = (
				C4F71C232D84F11600F4CFC2 /* Debug */,
				C4F71C242D84F11600F4CFC2 /* Release */,
			);
			defaultConfigurationIsVisible = 0;
			defaultConfigurationName = Release;
		};
/* End XCConfigurationList section */

/* Begin XCSwiftPackageProductDependency section */
		C4405BE02DE4216300D0AE36 /* HomeFeature */ = {
			isa = XCSwiftPackageProductDependency;
			productName = HomeFeature;
		};
		C469CDB72D94E06100DC583D /* MemoryTagsPickerFeature */ = {
			isa = XCSwiftPackageProductDependency;
			productName = MemoryTagsPickerFeature;
		};
		C46EF3ED2D8E6F0300C23CA1 /* MemoryItemPickerFeature */ = {
			isa = XCSwiftPackageProductDependency;
			productName = MemoryItemPickerFeature;
		};
		C4BE26D92D98BE4200FED647 /* MemoryListFeature */ = {
			isa = XCSwiftPackageProductDependency;
			productName = MemoryListFeature;
		};
		C4BE26DB2D9B545300FED647 /* CameraView */ = {
			isa = XCSwiftPackageProductDependency;
			productName = CameraView;
		};
		C4BE26DF2DA166F500FED647 /* RememberCameraFeature */ = {
			isa = XCSwiftPackageProductDependency;
			productName = RememberCameraFeature;
		};
		C4E042B82D90F5EA00674CBE /* MemoryFormFeature */ = {
			isa = XCSwiftPackageProductDependency;
			productName = MemoryFormFeature;
		};
/* End XCSwiftPackageProductDependency section */
	};
	rootObject = C4F71BEB2D84F11400F4CFC2 /* Project object */;
}
